# This file was autogenerated by uv via the following command:
#    uv pip compile pyproject.toml -o uv.lock --python-version 3.11
absl-py==2.3.1
    # via tensorboard
aiofiles==24.1.0
    # via
    #   gradio
    #   hume
aiohappyeyeballs==2.6.1
    # via aiohttp
aiohttp==3.12.13
    # via
    #   vigia-medical-ai (pyproject.toml)
    #   aiohttp-retry
    #   fsspec
    #   llama-index-core
    #   twilio
aiohttp-retry==2.9.1
    # via twilio
aiosignal==1.3.2
    # via aiohttp
aiosqlite==0.21.0
    # via llama-index-core
amqp==5.3.1
    # via kombu
annotated-types==0.7.0
    # via pydantic
anyio==4.9.0
    # via
    #   google-genai
    #   gradio
    #   httpx
    #   openai
    #   starlette
    #   watchfiles
async-timeout==5.0.1
    # via redis
asyncio==3.4.3
    # via vigia-medical-ai (pyproject.toml)
attrs==25.3.0
    # via
    #   aiohttp
    #   cattrs
    #   jsii
    #   jsonschema
    #   referencing
aws-cdk-asset-awscli-v1==2.2.242
    # via aws-cdk-lib
aws-cdk-asset-node-proxy-agent-v6==2.1.0
    # via aws-cdk-lib
aws-cdk-cloud-assembly-schema==44.9.0
    # via aws-cdk-lib
aws-cdk-lib==2.203.1
    # via vigia-medical-ai (pyproject.toml)
aws-lambda-powertools==3.16.0
    # via vigia-medical-ai (pyproject.toml)
aws-xray-sdk==2.14.0
    # via vigia-medical-ai (pyproject.toml)
backoff==2.2.1
    # via posthog
banks==2.1.3
    # via llama-index-core
bcrypt==4.3.0
    # via chromadb
beautifulsoup4==4.13.4
    # via llama-index-readers-file
billiard==4.2.1
    # via celery
boto3==1.39.2
    # via
    #   vigia-medical-ai (pyproject.toml)
    #   yolov5
botocore==1.39.2
    # via
    #   vigia-medical-ai (pyproject.toml)
    #   aws-xray-sdk
    #   boto3
    #   s3transfer
build==1.2.2.post1
    # via chromadb
cachetools==5.5.2
    # via google-auth
cattrs==24.1.3
    # via jsii
celery==5.5.3
    # via
    #   vigia-medical-ai (pyproject.toml)
    #   flower
certifi==2025.6.15
    # via
    #   httpcore
    #   httpx
    #   kubernetes
    #   llama-cloud
    #   requests
    #   roboflow
cffi==1.17.1
    # via cryptography
charset-normalizer==3.4.2
    # via requests
chromadb==1.0.15
    # via vigia-medical-ai (pyproject.toml)
click==8.2.1
    # via
    #   celery
    #   click-didyoumean
    #   click-plugins
    #   click-repl
    #   llama-cloud-services
    #   nltk
    #   sahi
    #   typer
    #   uvicorn
click-didyoumean==0.3.1
    # via celery
click-plugins==1.1.1.2
    # via celery
click-repl==0.3.0
    # via celery
colorama==0.4.6
    # via griffe
coloredlogs==15.0.1
    # via onnxruntime
constructs==10.4.2
    # via aws-cdk-lib
contourpy==1.3.2
    # via matplotlib
cryptography==45.0.5
    # via
    #   vigia-medical-ai (pyproject.toml)
    #   python-jose
cycler==0.12.1
    # via
    #   matplotlib
    #   roboflow
dataclasses-json==0.6.7
    # via llama-index-core
datasets==3.6.0
    # via vigia-medical-ai (pyproject.toml)
deprecated==1.2.18
    # via
    #   banks
    #   llama-index-core
    #   llama-index-instrumentation
deprecation==2.1.0
    # via
    #   postgrest
    #   storage3
dill==0.3.8
    # via
    #   datasets
    #   multiprocess
dirtyjson==1.0.8
    # via llama-index-core
distro==1.9.0
    # via
    #   openai
    #   posthog
dnspython==2.7.0
    # via email-validator
docstring-parser==0.16
    # via google-cloud-aiplatform
durationpy==0.10
    # via kubernetes
ecdsa==0.19.1
    # via python-jose
email-validator==2.2.0
    # via vigia-medical-ai (pyproject.toml)
eval-type-backport==0.2.2
    # via hume
exceptiongroup==1.3.0
    # via hume
faiss-cpu==1.11.0
    # via vigia-medical-ai (pyproject.toml)
fastapi==0.115.14
    # via
    #   vigia-medical-ai (pyproject.toml)
    #   gradio
ffmpy==0.6.0
    # via gradio
filelock==3.18.0
    # via
    #   datasets
    #   huggingface-hub
    #   torch
    #   transformers
filetype==1.2.0
    # via
    #   llama-index-core
    #   roboflow
fire==0.7.0
    # via
    #   sahi
    #   yolov5
flatbuffers==25.2.10
    # via onnxruntime
flower==2.0.1
    # via vigia-medical-ai (pyproject.toml)
fonttools==4.58.5
    # via matplotlib
frozenlist==1.7.0
    # via
    #   aiohttp
    #   aiosignal
fsspec==2025.3.0
    # via
    #   datasets
    #   gradio-client
    #   huggingface-hub
    #   llama-index-core
    #   torch
gitdb==4.0.12
    # via gitpython
gitpython==3.1.44
    # via yolov5
google-api-core==2.25.1
    # via
    #   google-cloud-aiplatform
    #   google-cloud-bigquery
    #   google-cloud-core
    #   google-cloud-resource-manager
    #   google-cloud-storage
google-auth==2.40.3
    # via
    #   google-api-core
    #   google-cloud-aiplatform
    #   google-cloud-bigquery
    #   google-cloud-core
    #   google-cloud-resource-manager
    #   google-cloud-storage
    #   google-genai
    #   kubernetes
google-cloud-aiplatform==1.101.0
    # via vigia-medical-ai (pyproject.toml)
google-cloud-bigquery==3.34.0
    # via google-cloud-aiplatform
google-cloud-core==2.4.3
    # via
    #   google-cloud-bigquery
    #   google-cloud-storage
google-cloud-resource-manager==1.14.2
    # via google-cloud-aiplatform
google-cloud-storage==2.19.0
    # via google-cloud-aiplatform
google-crc32c==1.7.1
    # via
    #   google-cloud-storage
    #   google-resumable-media
google-genai==1.20.0
    # via google-cloud-aiplatform
google-resumable-media==2.7.2
    # via
    #   google-cloud-bigquery
    #   google-cloud-storage
googleapis-common-protos==1.70.0
    # via
    #   google-api-core
    #   grpc-google-iam-v1
    #   grpcio-status
    #   opentelemetry-exporter-otlp-proto-grpc
gotrue==2.12.2
    # via supabase
gradio==5.35.0
    # via vigia-medical-ai (pyproject.toml)
gradio-client==1.10.4
    # via gradio
greenlet==3.2.3
    # via sqlalchemy
griffe==1.7.3
    # via banks
groovy==0.1.2
    # via gradio
grpc-google-iam-v1==0.14.2
    # via google-cloud-resource-manager
grpcio==1.73.1
    # via
    #   chromadb
    #   google-api-core
    #   googleapis-common-protos
    #   grpc-google-iam-v1
    #   grpcio-status
    #   opentelemetry-exporter-otlp-proto-grpc
    #   tensorboard
grpcio-status==1.71.2
    # via google-api-core
h11==0.16.0
    # via
    #   httpcore
    #   uvicorn
h2==4.2.0
    # via httpx
hf-xet==1.1.5
    # via huggingface-hub
hpack==4.1.0
    # via h2
httpcore==1.0.9
    # via httpx
httptools==0.6.4
    # via uvicorn
httpx==0.28.1
    # via
    #   vigia-medical-ai (pyproject.toml)
    #   chromadb
    #   google-genai
    #   gotrue
    #   gradio
    #   gradio-client
    #   hume
    #   llama-cloud
    #   llama-index-core
    #   openai
    #   postgrest
    #   python-telegram-bot
    #   safehttpx
    #   storage3
    #   supabase
    #   supafunc
huggingface-hub==0.33.2
    # via
    #   vigia-medical-ai (pyproject.toml)
    #   datasets
    #   gradio
    #   gradio-client
    #   tokenizers
    #   transformers
    #   yolov5
humanfriendly==10.0
    # via coloredlogs
humanize==4.12.3
    # via flower
hume==0.9.1
    # via vigia-medical-ai (pyproject.toml)
hyperframe==6.1.0
    # via h2
idna==3.7
    # via
    #   anyio
    #   email-validator
    #   httpx
    #   requests
    #   roboflow
    #   yarl
importlib-metadata==8.7.0
    # via opentelemetry-api
importlib-resources==6.5.2
    # via
    #   chromadb
    #   jsii
iniconfig==2.1.0
    # via pytest
jinja2==3.1.6
    # via
    #   vigia-medical-ai (pyproject.toml)
    #   banks
    #   gradio
    #   torch
jiter==0.10.0
    # via openai
jmespath==1.0.1
    # via
    #   aws-lambda-powertools
    #   boto3
    #   botocore
joblib==1.5.1
    # via
    #   nltk
    #   scikit-learn
jsii==1.112.0
    # via
    #   aws-cdk-asset-awscli-v1
    #   aws-cdk-asset-node-proxy-agent-v6
    #   aws-cdk-cloud-assembly-schema
    #   aws-cdk-lib
    #   constructs
jsonschema==4.24.0
    # via chromadb
jsonschema-specifications==2025.4.1
    # via jsonschema
kiwisolver==1.4.8
    # via
    #   matplotlib
    #   roboflow
kombu==5.5.4
    # via celery
kubernetes==33.1.0
    # via chromadb
llama-cloud==0.1.26
    # via
    #   llama-cloud-services
    #   llama-index-indices-managed-llama-cloud
llama-cloud-services==0.6.34
    # via llama-parse
llama-index==0.12.46
    # via vigia-medical-ai (pyproject.toml)
llama-index-agent-openai==0.4.12
    # via
    #   llama-index
    #   llama-index-program-openai
llama-index-cli==0.4.3
    # via llama-index
llama-index-core==0.12.46
    # via
    #   llama-cloud-services
    #   llama-index
    #   llama-index-agent-openai
    #   llama-index-cli
    #   llama-index-embeddings-openai
    #   llama-index-indices-managed-llama-cloud
    #   llama-index-llms-openai
    #   llama-index-multi-modal-llms-openai
    #   llama-index-program-openai
    #   llama-index-question-gen-openai
    #   llama-index-readers-file
    #   llama-index-readers-llama-parse
llama-index-embeddings-openai==0.3.1
    # via
    #   llama-index
    #   llama-index-cli
llama-index-indices-managed-llama-cloud==0.7.7
    # via llama-index
llama-index-instrumentation==0.2.0
    # via llama-index-workflows
llama-index-llms-openai==0.4.7
    # via
    #   llama-index
    #   llama-index-agent-openai
    #   llama-index-cli
    #   llama-index-multi-modal-llms-openai
    #   llama-index-program-openai
    #   llama-index-question-gen-openai
llama-index-multi-modal-llms-openai==0.5.1
    # via llama-index
llama-index-program-openai==0.3.2
    # via
    #   llama-index
    #   llama-index-question-gen-openai
llama-index-question-gen-openai==0.3.1
    # via llama-index
llama-index-readers-file==0.4.8
    # via llama-index
llama-index-readers-llama-parse==0.4.0
    # via llama-index
llama-index-workflows==1.0.1
    # via llama-index-core
llama-parse==0.6.34
    # via llama-index-readers-llama-parse
loguru==0.7.3
    # via vigia-medical-ai (pyproject.toml)
mangum==0.19.0
    # via vigia-medical-ai (pyproject.toml)
markdown==3.8.2
    # via tensorboard
markdown-it-py==3.0.0
    # via rich
markupsafe==3.0.2
    # via
    #   gradio
    #   jinja2
    #   werkzeug
marshmallow==3.26.1
    # via dataclasses-json
matplotlib==3.10.3
    # via
    #   vigia-medical-ai (pyproject.toml)
    #   roboflow
    #   seaborn
    #   ultralytics
    #   yolov5
mdurl==0.1.2
    # via markdown-it-py
mmh3==5.1.0
    # via chromadb
monai==1.4.0
    # via vigia-medical-ai (pyproject.toml)
mpmath==1.3.0
    # via sympy
multidict==6.6.3
    # via
    #   aiohttp
    #   yarl
multiprocess==0.70.16
    # via datasets
mypy-extensions==1.1.0
    # via typing-inspect
nest-asyncio==1.6.0
    # via llama-index-core
networkx==3.5
    # via
    #   llama-index-core
    #   torch
nltk==3.9.1
    # via
    #   llama-index
    #   llama-index-core
numpy==1.26.4
    # via
    #   vigia-medical-ai (pyproject.toml)
    #   chromadb
    #   contourpy
    #   datasets
    #   faiss-cpu
    #   gradio
    #   llama-index-core
    #   matplotlib
    #   monai
    #   onnxruntime
    #   opencv-python
    #   opencv-python-headless
    #   pandas
    #   pybboxes
    #   roboflow
    #   scikit-learn
    #   scipy
    #   seaborn
    #   shapely
    #   tensorboard
    #   torchvision
    #   transformers
    #   ultralytics
    #   ultralytics-thop
    #   yolov5
oauthlib==3.3.1
    # via
    #   kubernetes
    #   requests-oauthlib
onnxruntime==1.22.0
    # via chromadb
openai==1.93.0
    # via
    #   llama-index-agent-openai
    #   llama-index-embeddings-openai
    #   llama-index-llms-openai
opencv-python==4.11.0.86
    # via
    #   vigia-medical-ai (pyproject.toml)
    #   sahi
    #   ultralytics
    #   yolov5
opencv-python-headless==4.10.0.84
    # via roboflow
opentelemetry-api==1.34.1
    # via
    #   chromadb
    #   opentelemetry-exporter-otlp-proto-grpc
    #   opentelemetry-sdk
    #   opentelemetry-semantic-conventions
opentelemetry-exporter-otlp-proto-common==1.34.1
    # via opentelemetry-exporter-otlp-proto-grpc
opentelemetry-exporter-otlp-proto-grpc==1.34.1
    # via chromadb
opentelemetry-proto==1.34.1
    # via
    #   opentelemetry-exporter-otlp-proto-common
    #   opentelemetry-exporter-otlp-proto-grpc
opentelemetry-sdk==1.34.1
    # via
    #   chromadb
    #   opentelemetry-exporter-otlp-proto-grpc
opentelemetry-semantic-conventions==0.55b1
    # via opentelemetry-sdk
orjson==3.10.18
    # via
    #   chromadb
    #   gradio
overrides==7.7.0
    # via chromadb
packaging==25.0
    # via
    #   build
    #   datasets
    #   deprecation
    #   faiss-cpu
    #   google-cloud-aiplatform
    #   google-cloud-bigquery
    #   gradio
    #   gradio-client
    #   huggingface-hub
    #   kombu
    #   marshmallow
    #   matplotlib
    #   onnxruntime
    #   pytest
    #   tensorboard
    #   transformers
pandas==2.3.0
    # via
    #   vigia-medical-ai (pyproject.toml)
    #   datasets
    #   gradio
    #   llama-index-readers-file
    #   seaborn
    #   ultralytics
    #   yolov5
pillow==11.3.0
    # via
    #   vigia-medical-ai (pyproject.toml)
    #   gradio
    #   llama-index-core
    #   matplotlib
    #   pillow-heif
    #   roboflow
    #   sahi
    #   torchvision
    #   ultralytics
    #   yolov5
pillow-avif-plugin==1.5.2
    # via roboflow
pillow-heif==1.0.0
    # via roboflow
platformdirs==4.3.8
    # via
    #   banks
    #   llama-cloud-services
pluggy==1.6.0
    # via pytest
postgrest==1.1.1
    # via supabase
posthog==5.4.0
    # via chromadb
prometheus-client==0.22.1
    # via flower
prompt-toolkit==3.0.51
    # via click-repl
propcache==0.3.2
    # via
    #   aiohttp
    #   yarl
proto-plus==1.26.1
    # via
    #   google-api-core
    #   google-cloud-aiplatform
    #   google-cloud-resource-manager
protobuf==5.29.5
    # via
    #   google-api-core
    #   google-cloud-aiplatform
    #   google-cloud-resource-manager
    #   googleapis-common-protos
    #   grpc-google-iam-v1
    #   grpcio-status
    #   onnxruntime
    #   opentelemetry-proto
    #   proto-plus
    #   tensorboard
psutil==7.0.0
    # via
    #   ultralytics
    #   yolov5
psycopg2-binary==2.9.10
    # via vigia-medical-ai (pyproject.toml)
publication==0.0.3
    # via
    #   aws-cdk-asset-awscli-v1
    #   aws-cdk-asset-node-proxy-agent-v6
    #   aws-cdk-cloud-assembly-schema
    #   aws-cdk-lib
    #   constructs
    #   jsii
py-cpuinfo==9.0.0
    # via ultralytics
pyarrow==20.0.0
    # via datasets
pyasn1==0.6.1
    # via
    #   pyasn1-modules
    #   python-jose
    #   rsa
pyasn1-modules==0.4.2
    # via google-auth
pybase64==1.4.1
    # via chromadb
pybboxes==0.1.6
    # via sahi
pycparser==2.22
    # via cffi
pycryptodome==3.23.0
    # via vigia-medical-ai (pyproject.toml)
pydantic==2.11.7
    # via
    #   vigia-medical-ai (pyproject.toml)
    #   banks
    #   chromadb
    #   fastapi
    #   google-cloud-aiplatform
    #   google-genai
    #   gotrue
    #   gradio
    #   hume
    #   llama-cloud
    #   llama-cloud-services
    #   llama-index-core
    #   llama-index-instrumentation
    #   llama-index-workflows
    #   openai
    #   postgrest
    #   pydantic-settings
pydantic-core==2.33.2
    # via
    #   hume
    #   pydantic
pydantic-settings==2.10.1
    # via vigia-medical-ai (pyproject.toml)
pydub==0.25.1
    # via gradio
pygments==2.19.2
    # via
    #   pytest
    #   rich
pyjwt==2.10.1
    # via
    #   gotrue
    #   twilio
pyparsing==3.2.3
    # via matplotlib
pypdf==5.7.0
    # via llama-index-readers-file
pypika==0.48.9
    # via chromadb
pyproject-hooks==1.2.0
    # via build
pytest==8.4.1
    # via pytest-mock
pytest-mock==3.14.1
    # via gotrue
python-dateutil==2.9.0.post0
    # via
    #   vigia-medical-ai (pyproject.toml)
    #   botocore
    #   celery
    #   google-cloud-bigquery
    #   jsii
    #   kubernetes
    #   matplotlib
    #   pandas
    #   posthog
    #   roboflow
    #   storage3
python-dotenv==1.1.1
    # via
    #   vigia-medical-ai (pyproject.toml)
    #   llama-cloud-services
    #   pydantic-settings
    #   roboflow
    #   uvicorn
python-jose==3.5.0
    # via vigia-medical-ai (pyproject.toml)
python-multipart==0.0.20
    # via
    #   vigia-medical-ai (pyproject.toml)
    #   gradio
python-telegram-bot==22.2
    # via vigia-medical-ai (pyproject.toml)
pytz==2025.2
    # via
    #   vigia-medical-ai (pyproject.toml)
    #   flower
    #   pandas
pyyaml==6.0.2
    # via
    #   chromadb
    #   datasets
    #   gradio
    #   huggingface-hub
    #   kubernetes
    #   llama-index-core
    #   roboflow
    #   sahi
    #   transformers
    #   ultralytics
    #   uvicorn
    #   yolov5
realtime==2.5.3
    # via supabase
redis==6.2.0
    # via vigia-medical-ai (pyproject.toml)
referencing==0.36.2
    # via
    #   jsonschema
    #   jsonschema-specifications
regex==2024.11.6
    # via
    #   nltk
    #   tiktoken
    #   transformers
requests==2.32.4
    # via
    #   datasets
    #   google-api-core
    #   google-cloud-bigquery
    #   google-cloud-storage
    #   google-genai
    #   huggingface-hub
    #   kubernetes
    #   llama-index-core
    #   posthog
    #   requests-oauthlib
    #   requests-toolbelt
    #   roboflow
    #   sahi
    #   tiktoken
    #   transformers
    #   twilio
    #   ultralytics
    #   yolov5
requests-oauthlib==2.0.0
    # via kubernetes
requests-toolbelt==1.0.0
    # via roboflow
rich==14.0.0
    # via
    #   chromadb
    #   typer
roboflow==1.2.0
    # via yolov5
rpds-py==0.26.0
    # via
    #   jsonschema
    #   referencing
rsa==4.9.1
    # via
    #   google-auth
    #   python-jose
ruff==0.12.1
    # via gradio
s3transfer==0.13.0
    # via boto3
safehttpx==0.1.6
    # via gradio
safetensors==0.5.3
    # via transformers
sahi==0.11.28
    # via yolov5
scikit-learn==1.7.0
    # via vigia-medical-ai (pyproject.toml)
scipy==1.16.0
    # via
    #   vigia-medical-ai (pyproject.toml)
    #   scikit-learn
    #   ultralytics
    #   yolov5
seaborn==0.13.2
    # via
    #   vigia-medical-ai (pyproject.toml)
    #   yolov5
semantic-version==2.10.0
    # via gradio
setuptools==80.9.0
    # via
    #   llama-index-core
    #   tensorboard
    #   yolov5
shapely==2.1.1
    # via
    #   google-cloud-aiplatform
    #   sahi
shellingham==1.5.4
    # via typer
six==1.17.0
    # via
    #   ecdsa
    #   kubernetes
    #   posthog
    #   python-dateutil
    #   roboflow
    #   tensorboard
slack-sdk==3.35.0
    # via vigia-medical-ai (pyproject.toml)
smmap==5.0.2
    # via gitdb
sniffio==1.3.1
    # via
    #   anyio
    #   openai
soupsieve==2.7
    # via beautifulsoup4
sqlalchemy==2.0.41
    # via llama-index-core
starlette==0.46.2
    # via
    #   fastapi
    #   gradio
storage3==0.12.0
    # via supabase
strenum==0.4.15
    # via supafunc
striprtf==0.0.26
    # via llama-index-readers-file
structlog==25.4.0
    # via vigia-medical-ai (pyproject.toml)
supabase==2.16.0
    # via vigia-medical-ai (pyproject.toml)
supafunc==0.10.1
    # via supabase
sympy==1.14.0
    # via
    #   onnxruntime
    #   torch
tenacity==9.1.2
    # via
    #   chromadb
    #   llama-index-core
tensorboard==2.19.0
    # via yolov5
tensorboard-data-server==0.7.2
    # via tensorboard
termcolor==3.1.0
    # via fire
terminaltables==3.1.10
    # via sahi
thop==0.1.1.post2209072238
    # via yolov5
threadpoolctl==3.6.0
    # via scikit-learn
tiktoken==0.9.0
    # via llama-index-core
tokenizers==0.21.2
    # via
    #   chromadb
    #   transformers
tomlkit==0.13.3
    # via gradio
torch==2.7.1
    # via
    #   vigia-medical-ai (pyproject.toml)
    #   monai
    #   thop
    #   torchaudio
    #   torchvision
    #   ultralytics
    #   ultralytics-thop
    #   yolov5
torchaudio==2.7.1
    # via vigia-medical-ai (pyproject.toml)
torchvision==0.22.1
    # via
    #   vigia-medical-ai (pyproject.toml)
    #   ultralytics
    #   yolov5
tornado==6.5.1
    # via flower
tqdm==4.67.1
    # via
    #   chromadb
    #   datasets
    #   huggingface-hub
    #   llama-index-core
    #   nltk
    #   openai
    #   roboflow
    #   sahi
    #   transformers
    #   ultralytics
    #   yolov5
transformers==4.53.0
    # via vigia-medical-ai (pyproject.toml)
twilio==9.6.4
    # via vigia-medical-ai (pyproject.toml)
typeguard==2.13.3
    # via
    #   aws-cdk-asset-awscli-v1
    #   aws-cdk-asset-node-proxy-agent-v6
    #   aws-cdk-cloud-assembly-schema
    #   aws-cdk-lib
    #   constructs
    #   jsii
typer==0.16.0
    # via
    #   chromadb
    #   gradio
typing-extensions==4.14.0
    # via
    #   aiosqlite
    #   anyio
    #   aws-lambda-powertools
    #   beautifulsoup4
    #   chromadb
    #   exceptiongroup
    #   fastapi
    #   google-cloud-aiplatform
    #   google-genai
    #   gradio
    #   gradio-client
    #   huggingface-hub
    #   hume
    #   jsii
    #   llama-index-core
    #   mangum
    #   openai
    #   opentelemetry-api
    #   opentelemetry-exporter-otlp-proto-grpc
    #   opentelemetry-sdk
    #   opentelemetry-semantic-conventions
    #   pydantic
    #   pydantic-core
    #   realtime
    #   referencing
    #   sqlalchemy
    #   torch
    #   typer
    #   typing-inspect
    #   typing-inspection
typing-inspect==0.9.0
    # via
    #   dataclasses-json
    #   llama-index-core
typing-inspection==0.4.1
    # via
    #   pydantic
    #   pydantic-settings
tzdata==2025.2
    # via
    #   kombu
    #   pandas
ultralytics==8.3.161
    # via yolov5
ultralytics-thop==2.0.14
    # via ultralytics
urllib3==2.5.0
    # via
    #   botocore
    #   kubernetes
    #   requests
    #   roboflow
uvicorn==0.35.0
    # via
    #   vigia-medical-ai (pyproject.toml)
    #   chromadb
    #   gradio
uvloop==0.21.0
    # via uvicorn
vine==5.1.0
    # via
    #   amqp
    #   celery
    #   kombu
watchfiles==1.1.0
    # via uvicorn
wcwidth==0.2.13
    # via prompt-toolkit
websocket-client==1.8.0
    # via kubernetes
websockets==13.1
    # via
    #   vigia-medical-ai (pyproject.toml)
    #   google-genai
    #   gradio-client
    #   hume
    #   realtime
    #   uvicorn
werkzeug==3.1.3
    # via tensorboard
wrapt==1.17.2
    # via
    #   aws-xray-sdk
    #   deprecated
    #   llama-index-core
xxhash==3.5.0
    # via datasets
yarl==1.20.1
    # via aiohttp
yolov5==7.0.13
    # via vigia-medical-ai (pyproject.toml)
zipp==3.23.0
    # via importlib-metadata
